
Microsoft Visual Studio Solution File, Format Version 12.00
# Visual Studio Version 16
VisualStudioVersion = 16.0.30523.141
MinimumVisualStudioVersion = 10.0.40219.1
Project("{8BC9CEB8-8B4A-11D0-8D11-00A0C91BC942}") = "1", "1\1.vcxproj", "{8F68A120-8049-471D-9DC5-1F2C68E176CC}"
EndProject
Project("{8BC9CEB8-8B4A-11D0-8D11-00A0C91BC942}") = "2", "2\2.vcxproj", "{6D90CF80-7EFC-4B45-8E8D-E221DA67445C}"
EndProject
Project("{8BC9CEB8-8B4A-11D0-8D11-00A0C91BC942}") = "3", "3\3.vcxproj", "{369C3C00-7B23-45F3-B657-F3A47390D993}"
EndProject
Project("{8BC9CEB8-8B4A-11D0-8D11-00A0C91BC942}") = "4", "4\4.vcxproj", "{4DBCB14E-CFF5-41E5-8E3A-E03B07AF200F}"
EndProject
Project("{8BC9CEB8-8B4A-11D0-8D11-00A0C91BC942}") = "5", "5\5.vcxproj", "{948B0FD1-F23C-4DF7-B721-CC6D5AD81B52}"
EndProject
Project("{8BC9CEB8-8B4A-11D0-8D11-00A0C91BC942}") = "6", "6\6.vcxproj", "{9522C89D-98FB-4D46-B937-8DEB3F70872F}"
EndProject
Project("{8BC9CEB8-8B4A-11D0-8D11-00A0C91BC942}") = "7", "7\7.vcxproj", "{C39E0F4E-50C0-467A-AE39-AE82A0B2D04E}"
EndProject
Project("{8BC9CEB8-8B4A-11D0-8D11-00A0C91BC942}") = "8", "8\8.vcxproj", "{E4A76966-303A-4CFE-A21F-384AAF595355}"
EndProject
Project("{8BC9CEB8-8B4A-11D0-8D11-00A0C91BC942}") = "9", "9\9.vcxproj", "{EF0D3AA0-48AA-4F77-8B40-348E7022B33C}"
EndProject
Project("{8BC9CEB8-8B4A-11D0-8D11-00A0C91BC942}") = "10", "10\10.vcxproj", "{EC8BE76A-21D8-4099-8D13-9B5E816E6DF5}"
EndProject
Project("{8BC9CEB8-8B4A-11D0-8D11-00A0C91BC942}") = "11", "11\11.vcxproj", "{631FACAF-1343-4DEE-A134-984A55C21B61}"
EndProject
Project("{8BC9CEB8-8B4A-11D0-8D11-00A0C91BC942}") = "12", "12\12.vcxproj", "{264E174F-BB5E-49BB-83A3-0AE1EDB60773}"
EndProject
Project("{8BC9CEB8-8B4A-11D0-8D11-00A0C91BC942}") = "13", "13\13.vcxproj", "{5A04C341-FC3A-4BEE-A9C3-ED50445901A8}"
EndProject
Project("{8BC9CEB8-8B4A-11D0-8D11-00A0C91BC942}") = "14", "14\14.vcxproj", "{5AEB2C48-3914-4088-9ADF-F5C418CFD3C2}"
EndProject
Project("{8BC9CEB8-8B4A-11D0-8D11-00A0C91BC942}") = "15", "15\15.vcxproj", "{2C909C28-954B-4660-BB44-A21D1907B9DF}"
EndProject
Project("{8BC9CEB8-8B4A-11D0-8D11-00A0C91BC942}") = "16", "16\16.vcxproj", "{B756D444-FACD-41D4-84C0-68CE2D09E3FF}"
EndProject
Project("{8BC9CEB8-8B4A-11D0-8D11-00A0C91BC942}") = "17", "17\17.vcxproj", "{74C8AAC8-9C3B-4B9D-B8DD-0D3508D031BF}"
EndProject
Project("{8BC9CEB8-8B4A-11D0-8D11-00A0C91BC942}") = "18", "18\18.vcxproj", "{FF2C5710-37CF-4933-923F-D78063CA7C56}"
EndProject
Project("{8BC9CEB8-8B4A-11D0-8D11-00A0C91BC942}") = "19", "19\19.vcxproj", "{3C224368-C432-4A71-8C29-07D9F918F550}"
EndProject
Project("{8BC9CEB8-8B4A-11D0-8D11-00A0C91BC942}") = "20", "20\20.vcxproj", "{C4F2FD4F-E8D9-4A5B-834C-2DFF746B5E73}"
EndProject
Project("{8BC9CEB8-8B4A-11D0-8D11-00A0C91BC942}") = "21", "21\21.vcxproj", "{FC190DAF-2773-443E-8AF0-AAC8B55F8D92}"
EndProject
Project("{8BC9CEB8-8B4A-11D0-8D11-00A0C91BC942}") = "22", "22\22.vcxproj", "{0731054C-DE73-49CE-855E-3A7FA51591D8}"
EndProject
Project("{8BC9CEB8-8B4A-11D0-8D11-00A0C91BC942}") = "23", "23\23.vcxproj", "{2F0545A4-2639-4718-90C4-A525271667A0}"
EndProject
Global
	GlobalSection(SolutionConfigurationPlatforms) = preSolution
		Debug|x64 = Debug|x64
		Debug|x86 = Debug|x86
		Release|x64 = Release|x64
		Release|x86 = Release|x86
	EndGlobalSection
	GlobalSection(ProjectConfigurationPlatforms) = postSolution
		{8F68A120-8049-471D-9DC5-1F2C68E176CC}.Debug|x64.ActiveCfg = Debug|x64
		{8F68A120-8049-471D-9DC5-1F2C68E176CC}.Debug|x64.Build.0 = Debug|x64
		{8F68A120-8049-471D-9DC5-1F2C68E176CC}.Debug|x86.ActiveCfg = Debug|Win32
		{8F68A120-8049-471D-9DC5-1F2C68E176CC}.Debug|x86.Build.0 = Debug|Win32
		{8F68A120-8049-471D-9DC5-1F2C68E176CC}.Release|x64.ActiveCfg = Release|x64
		{8F68A120-8049-471D-9DC5-1F2C68E176CC}.Release|x64.Build.0 = Release|x64
		{8F68A120-8049-471D-9DC5-1F2C68E176CC}.Release|x86.ActiveCfg = Release|Win32
		{8F68A120-8049-471D-9DC5-1F2C68E176CC}.Release|x86.Build.0 = Release|Win32
		{6D90CF80-7EFC-4B45-8E8D-E221DA67445C}.Debug|x64.ActiveCfg = Debug|x64
		{6D90CF80-7EFC-4B45-8E8D-E221DA67445C}.Debug|x64.Build.0 = Debug|x64
		{6D90CF80-7EFC-4B45-8E8D-E221DA67445C}.Debug|x86.ActiveCfg = Debug|Win32
		{6D90CF80-7EFC-4B45-8E8D-E221DA67445C}.Debug|x86.Build.0 = Debug|Win32
		{6D90CF80-7EFC-4B45-8E8D-E221DA67445C}.Release|x64.ActiveCfg = Release|x64
		{6D90CF80-7EFC-4B45-8E8D-E221DA67445C}.Release|x64.Build.0 = Release|x64
		{6D90CF80-7EFC-4B45-8E8D-E221DA67445C}.Release|x86.ActiveCfg = Release|Win32
		{6D90CF80-7EFC-4B45-8E8D-E221DA67445C}.Release|x86.Build.0 = Release|Win32
		{369C3C00-7B23-45F3-B657-F3A47390D993}.Debug|x64.ActiveCfg = Debug|x64
		{369C3C00-7B23-45F3-B657-F3A47390D993}.Debug|x64.Build.0 = Debug|x64
		{369C3C00-7B23-45F3-B657-F3A47390D993}.Debug|x86.ActiveCfg = Debug|Win32
		{369C3C00-7B23-45F3-B657-F3A47390D993}.Debug|x86.Build.0 = Debug|Win32
		{369C3C00-7B23-45F3-B657-F3A47390D993}.Release|x64.ActiveCfg = Release|x64
		{369C3C00-7B23-45F3-B657-F3A47390D993}.Release|x64.Build.0 = Release|x64
		{369C3C00-7B23-45F3-B657-F3A47390D993}.Release|x86.ActiveCfg = Release|Win32
		{369C3C00-7B23-45F3-B657-F3A47390D993}.Release|x86.Build.0 = Release|Win32
		{4DBCB14E-CFF5-41E5-8E3A-E03B07AF200F}.Debug|x64.ActiveCfg = Debug|x64
		{4DBCB14E-CFF5-41E5-8E3A-E03B07AF200F}.Debug|x64.Build.0 = Debug|x64
		{4DBCB14E-CFF5-41E5-8E3A-E03B07AF200F}.Debug|x86.ActiveCfg = Debug|Win32
		{4DBCB14E-CFF5-41E5-8E3A-E03B07AF200F}.Debug|x86.Build.0 = Debug|Win32
		{4DBCB14E-CFF5-41E5-8E3A-E03B07AF200F}.Release|x64.ActiveCfg = Release|x64
		{4DBCB14E-CFF5-41E5-8E3A-E03B07AF200F}.Release|x64.Build.0 = Release|x64
		{4DBCB14E-CFF5-41E5-8E3A-E03B07AF200F}.Release|x86.ActiveCfg = Release|Win32
		{4DBCB14E-CFF5-41E5-8E3A-E03B07AF200F}.Release|x86.Build.0 = Release|Win32
		{948B0FD1-F23C-4DF7-B721-CC6D5AD81B52}.Debug|x64.ActiveCfg = Debug|x64
		{948B0FD1-F23C-4DF7-B721-CC6D5AD81B52}.Debug|x64.Build.0 = Debug|x64
		{948B0FD1-F23C-4DF7-B721-CC6D5AD81B52}.Debug|x86.ActiveCfg = Debug|Win32
		{948B0FD1-F23C-4DF7-B721-CC6D5AD81B52}.Debug|x86.Build.0 = Debug|Win32
		{948B0FD1-F23C-4DF7-B721-CC6D5AD81B52}.Release|x64.ActiveCfg = Release|x64
		{948B0FD1-F23C-4DF7-B721-CC6D5AD81B52}.Release|x64.Build.0 = Release|x64
		{948B0FD1-F23C-4DF7-B721-CC6D5AD81B52}.Release|x86.ActiveCfg = Release|Win32
		{948B0FD1-F23C-4DF7-B721-CC6D5AD81B52}.Release|x86.Build.0 = Release|Win32
		{9522C89D-98FB-4D46-B937-8DEB3F70872F}.Debug|x64.ActiveCfg = Debug|x64
		{9522C89D-98FB-4D46-B937-8DEB3F70872F}.Debug|x64.Build.0 = Debug|x64
		{9522C89D-98FB-4D46-B937-8DEB3F70872F}.Debug|x86.ActiveCfg = Debug|Win32
		{9522C89D-98FB-4D46-B937-8DEB3F70872F}.Debug|x86.Build.0 = Debug|Win32
		{9522C89D-98FB-4D46-B937-8DEB3F70872F}.Release|x64.ActiveCfg = Release|x64
		{9522C89D-98FB-4D46-B937-8DEB3F70872F}.Release|x64.Build.0 = Release|x64
		{9522C89D-98FB-4D46-B937-8DEB3F70872F}.Release|x86.ActiveCfg = Release|Win32
		{9522C89D-98FB-4D46-B937-8DEB3F70872F}.Release|x86.Build.0 = Release|Win32
		{C39E0F4E-50C0-467A-AE39-AE82A0B2D04E}.Debug|x64.ActiveCfg = Debug|x64
		{C39E0F4E-50C0-467A-AE39-AE82A0B2D04E}.Debug|x64.Build.0 = Debug|x64
		{C39E0F4E-50C0-467A-AE39-AE82A0B2D04E}.Debug|x86.ActiveCfg = Debug|Win32
		{C39E0F4E-50C0-467A-AE39-AE82A0B2D04E}.Debug|x86.Build.0 = Debug|Win32
		{C39E0F4E-50C0-467A-AE39-AE82A0B2D04E}.Release|x64.ActiveCfg = Release|x64
		{C39E0F4E-50C0-467A-AE39-AE82A0B2D04E}.Release|x64.Build.0 = Release|x64
		{C39E0F4E-50C0-467A-AE39-AE82A0B2D04E}.Release|x86.ActiveCfg = Release|Win32
		{C39E0F4E-50C0-467A-AE39-AE82A0B2D04E}.Release|x86.Build.0 = Release|Win32
		{E4A76966-303A-4CFE-A21F-384AAF595355}.Debug|x64.ActiveCfg = Debug|x64
		{E4A76966-303A-4CFE-A21F-384AAF595355}.Debug|x64.Build.0 = Debug|x64
		{E4A76966-303A-4CFE-A21F-384AAF595355}.Debug|x86.ActiveCfg = Debug|Win32
		{E4A76966-303A-4CFE-A21F-384AAF595355}.Debug|x86.Build.0 = Debug|Win32
		{E4A76966-303A-4CFE-A21F-384AAF595355}.Release|x64.ActiveCfg = Release|x64
		{E4A76966-303A-4CFE-A21F-384AAF595355}.Release|x64.Build.0 = Release|x64
		{E4A76966-303A-4CFE-A21F-384AAF595355}.Release|x86.ActiveCfg = Release|Win32
		{E4A76966-303A-4CFE-A21F-384AAF595355}.Release|x86.Build.0 = Release|Win32
		{EF0D3AA0-48AA-4F77-8B40-348E7022B33C}.Debug|x64.ActiveCfg = Debug|x64
		{EF0D3AA0-48AA-4F77-8B40-348E7022B33C}.Debug|x64.Build.0 = Debug|x64
		{EF0D3AA0-48AA-4F77-8B40-348E7022B33C}.Debug|x86.ActiveCfg = Debug|Win32
		{EF0D3AA0-48AA-4F77-8B40-348E7022B33C}.Debug|x86.Build.0 = Debug|Win32
		{EF0D3AA0-48AA-4F77-8B40-348E7022B33C}.Release|x64.ActiveCfg = Release|x64
		{EF0D3AA0-48AA-4F77-8B40-348E7022B33C}.Release|x64.Build.0 = Release|x64
		{EF0D3AA0-48AA-4F77-8B40-348E7022B33C}.Release|x86.ActiveCfg = Release|Win32
		{EF0D3AA0-48AA-4F77-8B40-348E7022B33C}.Release|x86.Build.0 = Release|Win32
		{EC8BE76A-21D8-4099-8D13-9B5E816E6DF5}.Debug|x64.ActiveCfg = Debug|x64
		{EC8BE76A-21D8-4099-8D13-9B5E816E6DF5}.Debug|x64.Build.0 = Debug|x64
		{EC8BE76A-21D8-4099-8D13-9B5E816E6DF5}.Debug|x86.ActiveCfg = Debug|Win32
		{EC8BE76A-21D8-4099-8D13-9B5E816E6DF5}.Debug|x86.Build.0 = Debug|Win32
		{EC8BE76A-21D8-4099-8D13-9B5E816E6DF5}.Release|x64.ActiveCfg = Release|x64
		{EC8BE76A-21D8-4099-8D13-9B5E816E6DF5}.Release|x64.Build.0 = Release|x64
		{EC8BE76A-21D8-4099-8D13-9B5E816E6DF5}.Release|x86.ActiveCfg = Release|Win32
		{EC8BE76A-21D8-4099-8D13-9B5E816E6DF5}.Release|x86.Build.0 = Release|Win32
		{631FACAF-1343-4DEE-A134-984A55C21B61}.Debug|x64.ActiveCfg = Debug|x64
		{631FACAF-1343-4DEE-A134-984A55C21B61}.Debug|x64.Build.0 = Debug|x64
		{631FACAF-1343-4DEE-A134-984A55C21B61}.Debug|x86.ActiveCfg = Debug|Win32
		{631FACAF-1343-4DEE-A134-984A55C21B61}.Debug|x86.Build.0 = Debug|Win32
		{631FACAF-1343-4DEE-A134-984A55C21B61}.Release|x64.ActiveCfg = Release|x64
		{631FACAF-1343-4DEE-A134-984A55C21B61}.Release|x64.Build.0 = Release|x64
		{631FACAF-1343-4DEE-A134-984A55C21B61}.Release|x86.ActiveCfg = Release|Win32
		{631FACAF-1343-4DEE-A134-984A55C21B61}.Release|x86.Build.0 = Release|Win32
		{264E174F-BB5E-49BB-83A3-0AE1EDB60773}.Debug|x64.ActiveCfg = Debug|x64
		{264E174F-BB5E-49BB-83A3-0AE1EDB60773}.Debug|x64.Build.0 = Debug|x64
		{264E174F-BB5E-49BB-83A3-0AE1EDB60773}.Debug|x86.ActiveCfg = Debug|Win32
		{264E174F-BB5E-49BB-83A3-0AE1EDB60773}.Debug|x86.Build.0 = Debug|Win32
		{264E174F-BB5E-49BB-83A3-0AE1EDB60773}.Release|x64.ActiveCfg = Release|x64
		{264E174F-BB5E-49BB-83A3-0AE1EDB60773}.Release|x64.Build.0 = Release|x64
		{264E174F-BB5E-49BB-83A3-0AE1EDB60773}.Release|x86.ActiveCfg = Release|Win32
		{264E174F-BB5E-49BB-83A3-0AE1EDB60773}.Release|x86.Build.0 = Release|Win32
		{5A04C341-FC3A-4BEE-A9C3-ED50445901A8}.Debug|x64.ActiveCfg = Debug|x64
		{5A04C341-FC3A-4BEE-A9C3-ED50445901A8}.Debug|x64.Build.0 = Debug|x64
		{5A04C341-FC3A-4BEE-A9C3-ED50445901A8}.Debug|x86.ActiveCfg = Debug|Win32
		{5A04C341-FC3A-4BEE-A9C3-ED50445901A8}.Debug|x86.Build.0 = Debug|Win32
		{5A04C341-FC3A-4BEE-A9C3-ED50445901A8}.Release|x64.ActiveCfg = Release|x64
		{5A04C341-FC3A-4BEE-A9C3-ED50445901A8}.Release|x64.Build.0 = Release|x64
		{5A04C341-FC3A-4BEE-A9C3-ED50445901A8}.Release|x86.ActiveCfg = Release|Win32
		{5A04C341-FC3A-4BEE-A9C3-ED50445901A8}.Release|x86.Build.0 = Release|Win32
		{5AEB2C48-3914-4088-9ADF-F5C418CFD3C2}.Debug|x64.ActiveCfg = Debug|x64
		{5AEB2C48-3914-4088-9ADF-F5C418CFD3C2}.Debug|x64.Build.0 = Debug|x64
		{5AEB2C48-3914-4088-9ADF-F5C418CFD3C2}.Debug|x86.ActiveCfg = Debug|Win32
		{5AEB2C48-3914-4088-9ADF-F5C418CFD3C2}.Debug|x86.Build.0 = Debug|Win32
		{5AEB2C48-3914-4088-9ADF-F5C418CFD3C2}.Release|x64.ActiveCfg = Release|x64
		{5AEB2C48-3914-4088-9ADF-F5C418CFD3C2}.Release|x64.Build.0 = Release|x64
		{5AEB2C48-3914-4088-9ADF-F5C418CFD3C2}.Release|x86.ActiveCfg = Release|Win32
		{5AEB2C48-3914-4088-9ADF-F5C418CFD3C2}.Release|x86.Build.0 = Release|Win32
		{2C909C28-954B-4660-BB44-A21D1907B9DF}.Debug|x64.ActiveCfg = Debug|x64
		{2C909C28-954B-4660-BB44-A21D1907B9DF}.Debug|x64.Build.0 = Debug|x64
		{2C909C28-954B-4660-BB44-A21D1907B9DF}.Debug|x86.ActiveCfg = Debug|Win32
		{2C909C28-954B-4660-BB44-A21D1907B9DF}.Debug|x86.Build.0 = Debug|Win32
		{2C909C28-954B-4660-BB44-A21D1907B9DF}.Release|x64.ActiveCfg = Release|x64
		{2C909C28-954B-4660-BB44-A21D1907B9DF}.Release|x64.Build.0 = Release|x64
		{2C909C28-954B-4660-BB44-A21D1907B9DF}.Release|x86.ActiveCfg = Release|Win32
		{2C909C28-954B-4660-BB44-A21D1907B9DF}.Release|x86.Build.0 = Release|Win32
		{B756D444-FACD-41D4-84C0-68CE2D09E3FF}.Debug|x64.ActiveCfg = Debug|x64
		{B756D444-FACD-41D4-84C0-68CE2D09E3FF}.Debug|x64.Build.0 = Debug|x64
		{B756D444-FACD-41D4-84C0-68CE2D09E3FF}.Debug|x86.ActiveCfg = Debug|Win32
		{B756D444-FACD-41D4-84C0-68CE2D09E3FF}.Debug|x86.Build.0 = Debug|Win32
		{B756D444-FACD-41D4-84C0-68CE2D09E3FF}.Release|x64.ActiveCfg = Release|x64
		{B756D444-FACD-41D4-84C0-68CE2D09E3FF}.Release|x64.Build.0 = Release|x64
		{B756D444-FACD-41D4-84C0-68CE2D09E3FF}.Release|x86.ActiveCfg = Release|Win32
		{B756D444-FACD-41D4-84C0-68CE2D09E3FF}.Release|x86.Build.0 = Release|Win32
		{74C8AAC8-9C3B-4B9D-B8DD-0D3508D031BF}.Debug|x64.ActiveCfg = Debug|x64
		{74C8AAC8-9C3B-4B9D-B8DD-0D3508D031BF}.Debug|x64.Build.0 = Debug|x64
		{74C8AAC8-9C3B-4B9D-B8DD-0D3508D031BF}.Debug|x86.ActiveCfg = Debug|Win32
		{74C8AAC8-9C3B-4B9D-B8DD-0D3508D031BF}.Debug|x86.Build.0 = Debug|Win32
		{74C8AAC8-9C3B-4B9D-B8DD-0D3508D031BF}.Release|x64.ActiveCfg = Release|x64
		{74C8AAC8-9C3B-4B9D-B8DD-0D3508D031BF}.Release|x64.Build.0 = Release|x64
		{74C8AAC8-9C3B-4B9D-B8DD-0D3508D031BF}.Release|x86.ActiveCfg = Release|Win32
		{74C8AAC8-9C3B-4B9D-B8DD-0D3508D031BF}.Release|x86.Build.0 = Release|Win32
		{FF2C5710-37CF-4933-923F-D78063CA7C56}.Debug|x64.ActiveCfg = Debug|x64
		{FF2C5710-37CF-4933-923F-D78063CA7C56}.Debug|x64.Build.0 = Debug|x64
		{FF2C5710-37CF-4933-923F-D78063CA7C56}.Debug|x86.ActiveCfg = Debug|Win32
		{FF2C5710-37CF-4933-923F-D78063CA7C56}.Debug|x86.Build.0 = Debug|Win32
		{FF2C5710-37CF-4933-923F-D78063CA7C56}.Release|x64.ActiveCfg = Release|x64
		{FF2C5710-37CF-4933-923F-D78063CA7C56}.Release|x64.Build.0 = Release|x64
		{FF2C5710-37CF-4933-923F-D78063CA7C56}.Release|x86.ActiveCfg = Release|Win32
		{FF2C5710-37CF-4933-923F-D78063CA7C56}.Release|x86.Build.0 = Release|Win32
		{3C224368-C432-4A71-8C29-07D9F918F550}.Debug|x64.ActiveCfg = Debug|x64
		{3C224368-C432-4A71-8C29-07D9F918F550}.Debug|x64.Build.0 = Debug|x64
		{3C224368-C432-4A71-8C29-07D9F918F550}.Debug|x86.ActiveCfg = Debug|Win32
		{3C224368-C432-4A71-8C29-07D9F918F550}.Debug|x86.Build.0 = Debug|Win32
		{3C224368-C432-4A71-8C29-07D9F918F550}.Release|x64.ActiveCfg = Release|x64
		{3C224368-C432-4A71-8C29-07D9F918F550}.Release|x64.Build.0 = Release|x64
		{3C224368-C432-4A71-8C29-07D9F918F550}.Release|x86.ActiveCfg = Release|Win32
		{3C224368-C432-4A71-8C29-07D9F918F550}.Release|x86.Build.0 = Release|Win32
		{C4F2FD4F-E8D9-4A5B-834C-2DFF746B5E73}.Debug|x64.ActiveCfg = Debug|x64
		{C4F2FD4F-E8D9-4A5B-834C-2DFF746B5E73}.Debug|x64.Build.0 = Debug|x64
		{C4F2FD4F-E8D9-4A5B-834C-2DFF746B5E73}.Debug|x86.ActiveCfg = Debug|Win32
		{C4F2FD4F-E8D9-4A5B-834C-2DFF746B5E73}.Debug|x86.Build.0 = Debug|Win32
		{C4F2FD4F-E8D9-4A5B-834C-2DFF746B5E73}.Release|x64.ActiveCfg = Release|x64
		{C4F2FD4F-E8D9-4A5B-834C-2DFF746B5E73}.Release|x64.Build.0 = Release|x64
		{C4F2FD4F-E8D9-4A5B-834C-2DFF746B5E73}.Release|x86.ActiveCfg = Release|Win32
		{C4F2FD4F-E8D9-4A5B-834C-2DFF746B5E73}.Release|x86.Build.0 = Release|Win32
		{FC190DAF-2773-443E-8AF0-AAC8B55F8D92}.Debug|x64.ActiveCfg = Debug|x64
		{FC190DAF-2773-443E-8AF0-AAC8B55F8D92}.Debug|x64.Build.0 = Debug|x64
		{FC190DAF-2773-443E-8AF0-AAC8B55F8D92}.Debug|x86.ActiveCfg = Debug|Win32
		{FC190DAF-2773-443E-8AF0-AAC8B55F8D92}.Debug|x86.Build.0 = Debug|Win32
		{FC190DAF-2773-443E-8AF0-AAC8B55F8D92}.Release|x64.ActiveCfg = Release|x64
		{FC190DAF-2773-443E-8AF0-AAC8B55F8D92}.Release|x64.Build.0 = Release|x64
		{FC190DAF-2773-443E-8AF0-AAC8B55F8D92}.Release|x86.ActiveCfg = Release|Win32
		{FC190DAF-2773-443E-8AF0-AAC8B55F8D92}.Release|x86.Build.0 = Release|Win32
		{0731054C-DE73-49CE-855E-3A7FA51591D8}.Debug|x64.ActiveCfg = Debug|x64
		{0731054C-DE73-49CE-855E-3A7FA51591D8}.Debug|x64.Build.0 = Debug|x64
		{0731054C-DE73-49CE-855E-3A7FA51591D8}.Debug|x86.ActiveCfg = Debug|Win32
		{0731054C-DE73-49CE-855E-3A7FA51591D8}.Debug|x86.Build.0 = Debug|Win32
		{0731054C-DE73-49CE-855E-3A7FA51591D8}.Release|x64.ActiveCfg = Release|x64
		{0731054C-DE73-49CE-855E-3A7FA51591D8}.Release|x64.Build.0 = Release|x64
		{0731054C-DE73-49CE-855E-3A7FA51591D8}.Release|x86.ActiveCfg = Release|Win32
		{0731054C-DE73-49CE-855E-3A7FA51591D8}.Release|x86.Build.0 = Release|Win32
		{2F0545A4-2639-4718-90C4-A525271667A0}.Debug|x64.ActiveCfg = Debug|x64
		{2F0545A4-2639-4718-90C4-A525271667A0}.Debug|x64.Build.0 = Debug|x64
		{2F0545A4-2639-4718-90C4-A525271667A0}.Debug|x86.ActiveCfg = Debug|Win32
		{2F0545A4-2639-4718-90C4-A525271667A0}.Debug|x86.Build.0 = Debug|Win32
		{2F0545A4-2639-4718-90C4-A525271667A0}.Release|x64.ActiveCfg = Release|x64
		{2F0545A4-2639-4718-90C4-A525271667A0}.Release|x64.Build.0 = Release|x64
		{2F0545A4-2639-4718-90C4-A525271667A0}.Release|x86.ActiveCfg = Release|Win32
		{2F0545A4-2639-4718-90C4-A525271667A0}.Release|x86.Build.0 = Release|Win32
	EndGlobalSection
	GlobalSection(SolutionProperties) = preSolution
		HideSolutionNode = FALSE
	EndGlobalSection
	GlobalSection(ExtensibilityGlobals) = postSolution
		SolutionGuid = {FC647A7D-67A3-4E87-85EB-BF96DCB73182}
	EndGlobalSection
EndGlobal
